// !$*UTF8*$!
{
	archiveVersion = 1;
	classes = {
	};
	objectVersion = 56;
	objects = {

/* Begin PBXBuildFile section */
		FB05EFCA2A6CE6E100C20955 /* MyModel.swift in Sources */ = {isa = PBXBuildFile; fileRef = FB05EFC92A6CE6E100C20955 /* MyModel.swift */; };
		FB05EFEF2A6CEB6400C20955 /* activityReport.swift in Sources */ = {isa = PBXBuildFile; fileRef = FB05EFEE2A6CEB6400C20955 /* activityReport.swift */; };
		FB05EFF12A6CEB6400C20955 /* TotalActivityReport.swift in Sources */ = {isa = PBXBuildFile; fileRef = FB05EFF02A6CEB6400C20955 /* TotalActivityReport.swift */; };
		FB05EFF32A6CEB6400C20955 /* TotalActivityView.swift in Sources */ = {isa = PBXBuildFile; fileRef = FB05EFF22A6CEB6400C20955 /* TotalActivityView.swift */; };
		FB05EFF82A6CEB6400C20955 /* activityReport.appex in Embed ExtensionKit Extensions */ = {isa = PBXBuildFile; fileRef = FB05EFEC2A6CEB6400C20955 /* activityReport.appex */; settings = {ATTRIBUTES = (RemoveHeadersOnCopy, ); }; };
		FB05EFFD2A6D01DD00C20955 /* TotalActivityView.swift in Embed ExtensionKit Extensions */ = {isa = PBXBuildFile; fileRef = FB05EFF22A6CEB6400C20955 /* TotalActivityView.swift */; };
		FB05F0022A6D074E00C20955 /* MySchedule.swift in Sources */ = {isa = PBXBuildFile; fileRef = FB05F0012A6D074E00C20955 /* MySchedule.swift */; };
		FB0B4A412A7D566800F4402D /* ComputerIntegration.swift in Sources */ = {isa = PBXBuildFile; fileRef = FB0B4A402A7D566800F4402D /* ComputerIntegration.swift */; };
		FB0D09F62A7B0415001D1CA7 /* FixateAPIHelper.swift in Sources */ = {isa = PBXBuildFile; fileRef = FB0D09F52A7B0415001D1CA7 /* FixateAPIHelper.swift */; };
		FB0D09F72A7B0419001D1CA7 /* FixateAPIHelper.swift in Sources */ = {isa = PBXBuildFile; fileRef = FB0D09F52A7B0415001D1CA7 /* FixateAPIHelper.swift */; };
		FB2D8ABD2A6C8BB600F99851 /* managedStores.swift in Sources */ = {isa = PBXBuildFile; fileRef = FB2D8ABC2A6C8BB600F99851 /* managedStores.swift */; };
		FB30614D2A81DEE7006E4E06 /* PointsView.swift in Sources */ = {isa = PBXBuildFile; fileRef = FB30614C2A81DEE7006E4E06 /* PointsView.swift */; };
		FB4988732A75807100DD9E24 /* ObjectPersistanceManager.swift in Sources */ = {isa = PBXBuildFile; fileRef = FB4988722A75807100DD9E24 /* ObjectPersistanceManager.swift */; };
		FB4988742A75807100DD9E24 /* ObjectPersistanceManager.swift in Sources */ = {isa = PBXBuildFile; fileRef = FB4988722A75807100DD9E24 /* ObjectPersistanceManager.swift */; };
		FB6C89212A87EC86007D87EF /* LiveFocus.swift in Sources */ = {isa = PBXBuildFile; fileRef = FB6C89202A87EC86007D87EF /* LiveFocus.swift */; };
		FB6C89282A87ECFB007D87EF /* WidgetKit.framework in Frameworks */ = {isa = PBXBuildFile; fileRef = FB6C89272A87ECFB007D87EF /* WidgetKit.framework */; };
		FB6C892A2A87ECFB007D87EF /* SwiftUI.framework in Frameworks */ = {isa = PBXBuildFile; fileRef = FB6C89292A87ECFB007D87EF /* SwiftUI.framework */; };
		FB6C89342A87ECFC007D87EF /* Assets.xcassets in Resources */ = {isa = PBXBuildFile; fileRef = FB6C89332A87ECFC007D87EF /* Assets.xcassets */; };
		FB6C89362A87ECFC007D87EF /* LiveFocusWidgets.intentdefinition in Sources */ = {isa = PBXBuildFile; fileRef = FB6C89322A87ECFB007D87EF /* LiveFocusWidgets.intentdefinition */; };
		FB6C89372A87ECFC007D87EF /* LiveFocusWidgets.intentdefinition in Sources */ = {isa = PBXBuildFile; fileRef = FB6C89322A87ECFB007D87EF /* LiveFocusWidgets.intentdefinition */; };
		FB6C893A2A87ECFC007D87EF /* LiveFocusWidgetsExtension.appex in Embed Foundation Extensions */ = {isa = PBXBuildFile; fileRef = FB6C89262A87ECFB007D87EF /* LiveFocusWidgetsExtension.appex */; settings = {ATTRIBUTES = (RemoveHeadersOnCopy, ); }; };
		FB6C893F2A87F7F6007D87EF /* LiveFocus.swift in Sources */ = {isa = PBXBuildFile; fileRef = FB6C89202A87EC86007D87EF /* LiveFocus.swift */; };
		FB6C89402A87F7FC007D87EF /* ObjectPersistanceManager.swift in Sources */ = {isa = PBXBuildFile; fileRef = FB4988722A75807100DD9E24 /* ObjectPersistanceManager.swift */; };
		FB6C89412A87F82B007D87EF /* LiveFocus.swift in Sources */ = {isa = PBXBuildFile; fileRef = FB6C89202A87EC86007D87EF /* LiveFocus.swift */; };
		FB6C89432A87F88E007D87EF /* WidgetDemo.swift in Sources */ = {isa = PBXBuildFile; fileRef = FB6C89422A87F88D007D87EF /* WidgetDemo.swift */; };
		FB6C89452A892C27007D87EF /* SchedulingView.swift in Sources */ = {isa = PBXBuildFile; fileRef = FB6C89442A892C27007D87EF /* SchedulingView.swift */; };
		FBB81E972A82B70B007E89EC /* ManagedSettings.framework in Frameworks */ = {isa = PBXBuildFile; fileRef = FBB81E962A82B70B007E89EC /* ManagedSettings.framework */; };
		FBB81E992A82B70B007E89EC /* ManagedSettingsUI.framework in Frameworks */ = {isa = PBXBuildFile; fileRef = FBB81E982A82B70B007E89EC /* ManagedSettingsUI.framework */; };
		FBB81E9C2A82B70B007E89EC /* ShieldConfigurationExtension.swift in Sources */ = {isa = PBXBuildFile; fileRef = FBB81E9B2A82B70B007E89EC /* ShieldConfigurationExtension.swift */; };
		FBB81EA12A82B70B007E89EC /* shieldBranding.appex in Embed Foundation Extensions */ = {isa = PBXBuildFile; fileRef = FBB81E952A82B70B007E89EC /* shieldBranding.appex */; settings = {ATTRIBUTES = (RemoveHeadersOnCopy, ); }; };
		FBB81EA52A82B7A3007E89EC /* Assets.xcassets in Resources */ = {isa = PBXBuildFile; fileRef = FBF9C4FC2A6C6C9C008F8943 /* Assets.xcassets */; };
		FBD068E52A70DE0E00B8195D /* BRYXBanner in Frameworks */ = {isa = PBXBuildFile; productRef = FBD068E42A70DE0E00B8195D /* BRYXBanner */; };
		FBD068F12A7106D200B8195D /* DeviceActivity.framework in Frameworks */ = {isa = PBXBuildFile; fileRef = FB05EFD72A6CEA8A00C20955 /* DeviceActivity.framework */; };
		FBD068F92A7106D200B8195D /* TestMonitor.appex in Embed Foundation Extensions */ = {isa = PBXBuildFile; fileRef = FBD068F02A7106D200B8195D /* TestMonitor.appex */; settings = {ATTRIBUTES = (RemoveHeadersOnCopy, ); }; };
		FBD068FE2A710A1000B8195D /* BRYXBanner in Frameworks */ = {isa = PBXBuildFile; productRef = FBD068FD2A710A1000B8195D /* BRYXBanner */; };
		FBD069042A7110AD00B8195D /* DeviceActivityMonitorExtension.swift in Sources */ = {isa = PBXBuildFile; fileRef = FBD068F32A7106D200B8195D /* DeviceActivityMonitorExtension.swift */; };
		FBD069072A71181400B8195D /* MyModel.swift in Sources */ = {isa = PBXBuildFile; fileRef = FB05EFC92A6CE6E100C20955 /* MyModel.swift */; };
		FBF9C4F92A6C6C9A008F8943 /* fixateApp.swift in Sources */ = {isa = PBXBuildFile; fileRef = FBF9C4F82A6C6C9A008F8943 /* fixateApp.swift */; };
		FBF9C4FB2A6C6C9A008F8943 /* ContentView.swift in Sources */ = {isa = PBXBuildFile; fileRef = FBF9C4FA2A6C6C9A008F8943 /* ContentView.swift */; };
		FBF9C4FD2A6C6C9C008F8943 /* Assets.xcassets in Resources */ = {isa = PBXBuildFile; fileRef = FBF9C4FC2A6C6C9C008F8943 /* Assets.xcassets */; };
		FBF9C5002A6C6C9C008F8943 /* Preview Assets.xcassets in Resources */ = {isa = PBXBuildFile; fileRef = FBF9C4FF2A6C6C9C008F8943 /* Preview Assets.xcassets */; };
		FBF9C5022A6C6C9C008F8943 /* Persistence.swift in Sources */ = {isa = PBXBuildFile; fileRef = FBF9C5012A6C6C9C008F8943 /* Persistence.swift */; };
		FBF9C5052A6C6C9C008F8943 /* fixate.xcdatamodeld in Sources */ = {isa = PBXBuildFile; fileRef = FBF9C5032A6C6C9C008F8943 /* fixate.xcdatamodeld */; };
		FBF9C50F2A6C6C9C008F8943 /* fixateTests.swift in Sources */ = {isa = PBXBuildFile; fileRef = FBF9C50E2A6C6C9C008F8943 /* fixateTests.swift */; };
		FBF9C5192A6C6C9C008F8943 /* fixateUITests.swift in Sources */ = {isa = PBXBuildFile; fileRef = FBF9C5182A6C6C9C008F8943 /* fixateUITests.swift */; };
		FBF9C51B2A6C6C9C008F8943 /* fixateUITestsLaunchTests.swift in Sources */ = {isa = PBXBuildFile; fileRef = FBF9C51A2A6C6C9C008F8943 /* fixateUITestsLaunchTests.swift */; };
/* End PBXBuildFile section */

/* Begin PBXContainerItemProxy section */
		FB05EFF62A6CEB6400C20955 /* PBXContainerItemProxy */ = {
			isa = PBXContainerItemProxy;
			containerPortal = FBF9C4ED2A6C6C9A008F8943 /* Project object */;
			proxyType = 1;
			remoteGlobalIDString = FB05EFEB2A6CEB6400C20955;
			remoteInfo = activityReport;
		};
		FB6C89382A87ECFC007D87EF /* PBXContainerItemProxy */ = {
			isa = PBXContainerItemProxy;
			containerPortal = FBF9C4ED2A6C6C9A008F8943 /* Project object */;
			proxyType = 1;
			remoteGlobalIDString = FB6C89252A87ECFA007D87EF;
			remoteInfo = LiveFocusWidgetsExtension;
		};
		FBB81E9F2A82B70B007E89EC /* PBXContainerItemProxy */ = {
			isa = PBXContainerItemProxy;
			containerPortal = FBF9C4ED2A6C6C9A008F8943 /* Project object */;
			proxyType = 1;
			remoteGlobalIDString = FBB81E942A82B70B007E89EC;
			remoteInfo = shieldBranding;
		};
		FBD068F72A7106D200B8195D /* PBXContainerItemProxy */ = {
			isa = PBXContainerItemProxy;
			containerPortal = FBF9C4ED2A6C6C9A008F8943 /* Project object */;
			proxyType = 1;
			remoteGlobalIDString = FBD068EF2A7106D200B8195D;
			remoteInfo = TestMonitor;
		};
		FBF9C50B2A6C6C9C008F8943 /* PBXContainerItemProxy */ = {
			isa = PBXContainerItemProxy;
			containerPortal = FBF9C4ED2A6C6C9A008F8943 /* Project object */;
			proxyType = 1;
			remoteGlobalIDString = FBF9C4F42A6C6C9A008F8943;
			remoteInfo = fixate;
		};
		FBF9C5152A6C6C9C008F8943 /* PBXContainerItemProxy */ = {
			isa = PBXContainerItemProxy;
			containerPortal = FBF9C4ED2A6C6C9A008F8943 /* Project object */;
			proxyType = 1;
			remoteGlobalIDString = FBF9C4F42A6C6C9A008F8943;
			remoteInfo = fixate;
		};
/* End PBXContainerItemProxy section */

/* Begin PBXCopyFilesBuildPhase section */
		FB05EFE42A6CEA8A00C20955 /* Embed Foundation Extensions */ = {
			isa = PBXCopyFilesBuildPhase;
			buildActionMask = 2147483647;
			dstPath = "$(SYSTEM_EXTENSIONS_FOLDER_PATH)";
			dstSubfolderSpec = 16;
			files = (
			);
			name = "Embed Foundation Extensions";
			runOnlyForDeploymentPostprocessing = 0;
		};
		FB05EFFC2A6CEB6400C20955 /* Embed ExtensionKit Extensions */ = {
			isa = PBXCopyFilesBuildPhase;
			buildActionMask = 2147483647;
			dstPath = "$(EXTENSIONS_FOLDER_PATH)";
			dstSubfolderSpec = 16;
			files = (
				FB05EFFD2A6D01DD00C20955 /* TotalActivityView.swift in Embed ExtensionKit Extensions */,
				FB05EFF82A6CEB6400C20955 /* activityReport.appex in Embed ExtensionKit Extensions */,
			);
			name = "Embed ExtensionKit Extensions";
			runOnlyForDeploymentPostprocessing = 0;
		};
		FB5689072A70AB1200D3D516 /* Embed Foundation Extensions */ = {
			isa = PBXCopyFilesBuildPhase;
			buildActionMask = 2147483647;
			dstPath = "";
			dstSubfolderSpec = 13;
			files = (
				FBB81EA12A82B70B007E89EC /* shieldBranding.appex in Embed Foundation Extensions */,
				FB6C893A2A87ECFC007D87EF /* LiveFocusWidgetsExtension.appex in Embed Foundation Extensions */,
				FBD068F92A7106D200B8195D /* TestMonitor.appex in Embed Foundation Extensions */,
			);
			name = "Embed Foundation Extensions";
			runOnlyForDeploymentPostprocessing = 0;
		};
/* End PBXCopyFilesBuildPhase section */

/* Begin PBXFileReference section */
		FB05EFC92A6CE6E100C20955 /* MyModel.swift */ = {isa = PBXFileReference; lastKnownFileType = sourcecode.swift; path = MyModel.swift; sourceTree = "<group>"; };
		FB05EFD72A6CEA8A00C20955 /* DeviceActivity.framework */ = {isa = PBXFileReference; lastKnownFileType = wrapper.framework; name = DeviceActivity.framework; path = System/Library/Frameworks/DeviceActivity.framework; sourceTree = SDKROOT; };
		FB05EFEC2A6CEB6400C20955 /* activityReport.appex */ = {isa = PBXFileReference; explicitFileType = "wrapper.extensionkit-extension"; includeInIndex = 0; path = activityReport.appex; sourceTree = BUILT_PRODUCTS_DIR; };
		FB05EFEE2A6CEB6400C20955 /* activityReport.swift */ = {isa = PBXFileReference; lastKnownFileType = sourcecode.swift; path = activityReport.swift; sourceTree = "<group>"; };
		FB05EFF02A6CEB6400C20955 /* TotalActivityReport.swift */ = {isa = PBXFileReference; lastKnownFileType = sourcecode.swift; path = TotalActivityReport.swift; sourceTree = "<group>"; };
		FB05EFF22A6CEB6400C20955 /* TotalActivityView.swift */ = {isa = PBXFileReference; lastKnownFileType = sourcecode.swift; path = TotalActivityView.swift; sourceTree = "<group>"; };
		FB05EFF42A6CEB6400C20955 /* Info.plist */ = {isa = PBXFileReference; lastKnownFileType = text.plist.xml; path = Info.plist; sourceTree = "<group>"; };
		FB05EFF52A6CEB6400C20955 /* activityReport.entitlements */ = {isa = PBXFileReference; lastKnownFileType = text.plist.entitlements; path = activityReport.entitlements; sourceTree = "<group>"; };
		FB05F0012A6D074E00C20955 /* MySchedule.swift */ = {isa = PBXFileReference; lastKnownFileType = sourcecode.swift; path = MySchedule.swift; sourceTree = "<group>"; };
		FB0B4A402A7D566800F4402D /* ComputerIntegration.swift */ = {isa = PBXFileReference; lastKnownFileType = sourcecode.swift; path = ComputerIntegration.swift; sourceTree = "<group>"; };
		FB0D09F52A7B0415001D1CA7 /* FixateAPIHelper.swift */ = {isa = PBXFileReference; lastKnownFileType = sourcecode.swift; path = FixateAPIHelper.swift; sourceTree = "<group>"; };
		FB2D8ABC2A6C8BB600F99851 /* managedStores.swift */ = {isa = PBXFileReference; lastKnownFileType = sourcecode.swift; path = managedStores.swift; sourceTree = "<group>"; };
		FB30614C2A81DEE7006E4E06 /* PointsView.swift */ = {isa = PBXFileReference; lastKnownFileType = sourcecode.swift; path = PointsView.swift; sourceTree = "<group>"; };
		FB30614E2A81EC31006E4E06 /* Info.plist */ = {isa = PBXFileReference; lastKnownFileType = text.plist; path = Info.plist; sourceTree = "<group>"; };
		FB4988722A75807100DD9E24 /* ObjectPersistanceManager.swift */ = {isa = PBXFileReference; lastKnownFileType = sourcecode.swift; path = ObjectPersistanceManager.swift; sourceTree = "<group>"; };
		FB5689122A70B05800D3D516 /* Info.plist */ = {isa = PBXFileReference; lastKnownFileType = text.plist.xml; path = Info.plist; sourceTree = "<group>"; };
		FB56891D2A70B72700D3D516 /* fixateRelease.entitlements */ = {isa = PBXFileReference; lastKnownFileType = text.plist.entitlements; path = fixateRelease.entitlements; sourceTree = "<group>"; };
		FB6C89202A87EC86007D87EF /* LiveFocus.swift */ = {isa = PBXFileReference; lastKnownFileType = sourcecode.swift; path = LiveFocus.swift; sourceTree = "<group>"; };
		FB6C89262A87ECFB007D87EF /* LiveFocusWidgetsExtension.appex */ = {isa = PBXFileReference; explicitFileType = "wrapper.app-extension"; includeInIndex = 0; path = LiveFocusWidgetsExtension.appex; sourceTree = BUILT_PRODUCTS_DIR; };
		FB6C89272A87ECFB007D87EF /* WidgetKit.framework */ = {isa = PBXFileReference; lastKnownFileType = wrapper.framework; name = WidgetKit.framework; path = System/Library/Frameworks/WidgetKit.framework; sourceTree = SDKROOT; };
		FB6C89292A87ECFB007D87EF /* SwiftUI.framework */ = {isa = PBXFileReference; lastKnownFileType = wrapper.framework; name = SwiftUI.framework; path = System/Library/Frameworks/SwiftUI.framework; sourceTree = SDKROOT; };
		FB6C89322A87ECFB007D87EF /* LiveFocusWidgets.intentdefinition */ = {isa = PBXFileReference; lastKnownFileType = file.intentdefinition; path = LiveFocusWidgets.intentdefinition; sourceTree = "<group>"; };
		FB6C89332A87ECFC007D87EF /* Assets.xcassets */ = {isa = PBXFileReference; lastKnownFileType = folder.assetcatalog; path = Assets.xcassets; sourceTree = "<group>"; };
		FB6C89352A87ECFC007D87EF /* Info.plist */ = {isa = PBXFileReference; lastKnownFileType = text.plist.xml; path = Info.plist; sourceTree = "<group>"; };
		FB6C89422A87F88D007D87EF /* WidgetDemo.swift */ = {isa = PBXFileReference; fileEncoding = 4; lastKnownFileType = sourcecode.swift; path = WidgetDemo.swift; sourceTree = "<group>"; };
		FB6C89442A892C27007D87EF /* SchedulingView.swift */ = {isa = PBXFileReference; lastKnownFileType = sourcecode.swift; path = SchedulingView.swift; sourceTree = "<group>"; };
		FBB81E952A82B70B007E89EC /* shieldBranding.appex */ = {isa = PBXFileReference; explicitFileType = "wrapper.app-extension"; includeInIndex = 0; path = shieldBranding.appex; sourceTree = BUILT_PRODUCTS_DIR; };
		FBB81E962A82B70B007E89EC /* ManagedSettings.framework */ = {isa = PBXFileReference; lastKnownFileType = wrapper.framework; name = ManagedSettings.framework; path = System/Library/Frameworks/ManagedSettings.framework; sourceTree = SDKROOT; };
		FBB81E982A82B70B007E89EC /* ManagedSettingsUI.framework */ = {isa = PBXFileReference; lastKnownFileType = wrapper.framework; name = ManagedSettingsUI.framework; path = System/Library/Frameworks/ManagedSettingsUI.framework; sourceTree = SDKROOT; };
		FBB81E9B2A82B70B007E89EC /* ShieldConfigurationExtension.swift */ = {isa = PBXFileReference; lastKnownFileType = sourcecode.swift; path = ShieldConfigurationExtension.swift; sourceTree = "<group>"; };
		FBB81E9D2A82B70B007E89EC /* Info.plist */ = {isa = PBXFileReference; lastKnownFileType = text.plist.xml; path = Info.plist; sourceTree = "<group>"; };
		FBB81E9E2A82B70B007E89EC /* shieldBranding.entitlements */ = {isa = PBXFileReference; lastKnownFileType = text.plist.entitlements; path = shieldBranding.entitlements; sourceTree = "<group>"; };
		FBD068EB2A7101CD00B8195D /* FixateMonitorRelease.entitlements */ = {isa = PBXFileReference; lastKnownFileType = text.plist.entitlements; path = FixateMonitorRelease.entitlements; sourceTree = "<group>"; };
		FBD068F02A7106D200B8195D /* TestMonitor.appex */ = {isa = PBXFileReference; explicitFileType = "wrapper.app-extension"; includeInIndex = 0; path = TestMonitor.appex; sourceTree = BUILT_PRODUCTS_DIR; };
		FBD068F32A7106D200B8195D /* DeviceActivityMonitorExtension.swift */ = {isa = PBXFileReference; lastKnownFileType = sourcecode.swift; path = DeviceActivityMonitorExtension.swift; sourceTree = "<group>"; };
		FBD068F52A7106D200B8195D /* Info.plist */ = {isa = PBXFileReference; lastKnownFileType = text.plist.xml; path = Info.plist; sourceTree = "<group>"; };
		FBD068F62A7106D200B8195D /* TestMonitor.entitlements */ = {isa = PBXFileReference; lastKnownFileType = text.plist.entitlements; path = TestMonitor.entitlements; sourceTree = "<group>"; };
		FBF9C4F52A6C6C9A008F8943 /* fixate.app */ = {isa = PBXFileReference; explicitFileType = wrapper.application; includeInIndex = 0; path = fixate.app; sourceTree = BUILT_PRODUCTS_DIR; };
		FBF9C4F82A6C6C9A008F8943 /* fixateApp.swift */ = {isa = PBXFileReference; lastKnownFileType = sourcecode.swift; path = fixateApp.swift; sourceTree = "<group>"; };
		FBF9C4FA2A6C6C9A008F8943 /* ContentView.swift */ = {isa = PBXFileReference; lastKnownFileType = sourcecode.swift; path = ContentView.swift; sourceTree = "<group>"; };
		FBF9C4FC2A6C6C9C008F8943 /* Assets.xcassets */ = {isa = PBXFileReference; lastKnownFileType = folder.assetcatalog; path = Assets.xcassets; sourceTree = "<group>"; };
		FBF9C4FF2A6C6C9C008F8943 /* Preview Assets.xcassets */ = {isa = PBXFileReference; lastKnownFileType = folder.assetcatalog; path = "Preview Assets.xcassets"; sourceTree = "<group>"; };
		FBF9C5012A6C6C9C008F8943 /* Persistence.swift */ = {isa = PBXFileReference; lastKnownFileType = sourcecode.swift; path = Persistence.swift; sourceTree = "<group>"; };
		FBF9C5042A6C6C9C008F8943 /* fixate.xcdatamodel */ = {isa = PBXFileReference; lastKnownFileType = wrapper.xcdatamodel; path = fixate.xcdatamodel; sourceTree = "<group>"; };
		FBF9C50A2A6C6C9C008F8943 /* fixateTests.xctest */ = {isa = PBXFileReference; explicitFileType = wrapper.cfbundle; includeInIndex = 0; path = fixateTests.xctest; sourceTree = BUILT_PRODUCTS_DIR; };
		FBF9C50E2A6C6C9C008F8943 /* fixateTests.swift */ = {isa = PBXFileReference; lastKnownFileType = sourcecode.swift; path = fixateTests.swift; sourceTree = "<group>"; };
		FBF9C5142A6C6C9C008F8943 /* fixateUITests.xctest */ = {isa = PBXFileReference; explicitFileType = wrapper.cfbundle; includeInIndex = 0; path = fixateUITests.xctest; sourceTree = BUILT_PRODUCTS_DIR; };
		FBF9C5182A6C6C9C008F8943 /* fixateUITests.swift */ = {isa = PBXFileReference; lastKnownFileType = sourcecode.swift; path = fixateUITests.swift; sourceTree = "<group>"; };
		FBF9C51A2A6C6C9C008F8943 /* fixateUITestsLaunchTests.swift */ = {isa = PBXFileReference; lastKnownFileType = sourcecode.swift; path = fixateUITestsLaunchTests.swift; sourceTree = "<group>"; };
		FBF9C5272A6C7155008F8943 /* fixate.entitlements */ = {isa = PBXFileReference; lastKnownFileType = text.plist.entitlements; path = fixate.entitlements; sourceTree = "<group>"; };
/* End PBXFileReference section */

/* Begin PBXFrameworksBuildPhase section */
		FB05EFE92A6CEB6400C20955 /* Frameworks */ = {
			isa = PBXFrameworksBuildPhase;
			buildActionMask = 2147483647;
			files = (
			);
			runOnlyForDeploymentPostprocessing = 0;
		};
		FB6C89232A87ECFA007D87EF /* Frameworks */ = {
			isa = PBXFrameworksBuildPhase;
			buildActionMask = 2147483647;
			files = (
				FB6C892A2A87ECFB007D87EF /* SwiftUI.framework in Frameworks */,
				FB6C89282A87ECFB007D87EF /* WidgetKit.framework in Frameworks */,
			);
			runOnlyForDeploymentPostprocessing = 0;
		};
		FBB81E922A82B70B007E89EC /* Frameworks */ = {
			isa = PBXFrameworksBuildPhase;
			buildActionMask = 2147483647;
			files = (
				FBB81E972A82B70B007E89EC /* ManagedSettings.framework in Frameworks */,
				FBB81E992A82B70B007E89EC /* ManagedSettingsUI.framework in Frameworks */,
			);
			runOnlyForDeploymentPostprocessing = 0;
		};
		FBD068ED2A7106D200B8195D /* Frameworks */ = {
			isa = PBXFrameworksBuildPhase;
			buildActionMask = 2147483647;
			files = (
				FBD068F12A7106D200B8195D /* DeviceActivity.framework in Frameworks */,
				FBD068FE2A710A1000B8195D /* BRYXBanner in Frameworks */,
			);
			runOnlyForDeploymentPostprocessing = 0;
		};
		FBF9C4F22A6C6C9A008F8943 /* Frameworks */ = {
			isa = PBXFrameworksBuildPhase;
			buildActionMask = 2147483647;
			files = (
				FBD068E52A70DE0E00B8195D /* BRYXBanner in Frameworks */,
			);
			runOnlyForDeploymentPostprocessing = 0;
		};
		FBF9C5072A6C6C9C008F8943 /* Frameworks */ = {
			isa = PBXFrameworksBuildPhase;
			buildActionMask = 2147483647;
			files = (
			);
			runOnlyForDeploymentPostprocessing = 0;
		};
		FBF9C5112A6C6C9C008F8943 /* Frameworks */ = {
			isa = PBXFrameworksBuildPhase;
			buildActionMask = 2147483647;
			files = (
			);
			runOnlyForDeploymentPostprocessing = 0;
		};
/* End PBXFrameworksBuildPhase section */

/* Begin PBXGroup section */
		FB05EFD62A6CEA8A00C20955 /* Frameworks */ = {
			isa = PBXGroup;
			children = (
				FB05EFD72A6CEA8A00C20955 /* DeviceActivity.framework */,
				FBB81E962A82B70B007E89EC /* ManagedSettings.framework */,
				FBB81E982A82B70B007E89EC /* ManagedSettingsUI.framework */,
				FB6C89272A87ECFB007D87EF /* WidgetKit.framework */,
				FB6C89292A87ECFB007D87EF /* SwiftUI.framework */,
			);
			name = Frameworks;
			sourceTree = "<group>";
		};
		FB05EFED2A6CEB6400C20955 /* activityReport */ = {
			isa = PBXGroup;
			children = (
				FB05EFEE2A6CEB6400C20955 /* activityReport.swift */,
				FB05EFF02A6CEB6400C20955 /* TotalActivityReport.swift */,
				FB05EFF22A6CEB6400C20955 /* TotalActivityView.swift */,
				FB05EFF42A6CEB6400C20955 /* Info.plist */,
				FB05EFF52A6CEB6400C20955 /* activityReport.entitlements */,
			);
			path = activityReport;
			sourceTree = "<group>";
		};
		FB56890F2A70B05800D3D516 /* FixateMonitor */ = {
			isa = PBXGroup;
			children = (
				FBD068EB2A7101CD00B8195D /* FixateMonitorRelease.entitlements */,
				FB5689122A70B05800D3D516 /* Info.plist */,
			);
			path = FixateMonitor;
			sourceTree = "<group>";
		};
		FB6C892B2A87ECFB007D87EF /* LiveFocusWidgets */ = {
			isa = PBXGroup;
			children = (
				FB6C89422A87F88D007D87EF /* WidgetDemo.swift */,
				FB6C89322A87ECFB007D87EF /* LiveFocusWidgets.intentdefinition */,
				FB6C89332A87ECFC007D87EF /* Assets.xcassets */,
				FB6C89352A87ECFC007D87EF /* Info.plist */,
			);
			path = LiveFocusWidgets;
			sourceTree = "<group>";
		};
		FBB81E9A2A82B70B007E89EC /* shieldBranding */ = {
			isa = PBXGroup;
			children = (
				FBB81E9B2A82B70B007E89EC /* ShieldConfigurationExtension.swift */,
				FBB81E9D2A82B70B007E89EC /* Info.plist */,
				FBB81E9E2A82B70B007E89EC /* shieldBranding.entitlements */,
			);
			path = shieldBranding;
			sourceTree = "<group>";
		};
		FBD068F22A7106D200B8195D /* TestMonitor */ = {
			isa = PBXGroup;
			children = (
				FBD068F32A7106D200B8195D /* DeviceActivityMonitorExtension.swift */,
				FBD068F52A7106D200B8195D /* Info.plist */,
				FBD068F62A7106D200B8195D /* TestMonitor.entitlements */,
			);
			path = TestMonitor;
			sourceTree = "<group>";
		};
		FBF9C4EC2A6C6C9A008F8943 = {
			isa = PBXGroup;
			children = (
				FBF9C4F72A6C6C9A008F8943 /* fixate */,
				FB56890F2A70B05800D3D516 /* FixateMonitor */,
				FBF9C50D2A6C6C9C008F8943 /* fixateTests */,
				FBF9C5172A6C6C9C008F8943 /* fixateUITests */,
				FB05EFED2A6CEB6400C20955 /* activityReport */,
				FBD068F22A7106D200B8195D /* TestMonitor */,
				FBB81E9A2A82B70B007E89EC /* shieldBranding */,
				FB6C892B2A87ECFB007D87EF /* LiveFocusWidgets */,
				FB05EFD62A6CEA8A00C20955 /* Frameworks */,
				FBF9C4F62A6C6C9A008F8943 /* Products */,
			);
			sourceTree = "<group>";
		};
		FBF9C4F62A6C6C9A008F8943 /* Products */ = {
			isa = PBXGroup;
			children = (
				FBF9C4F52A6C6C9A008F8943 /* fixate.app */,
				FBF9C50A2A6C6C9C008F8943 /* fixateTests.xctest */,
				FBF9C5142A6C6C9C008F8943 /* fixateUITests.xctest */,
				FB05EFEC2A6CEB6400C20955 /* activityReport.appex */,
				FBD068F02A7106D200B8195D /* TestMonitor.appex */,
				FBB81E952A82B70B007E89EC /* shieldBranding.appex */,
				FB6C89262A87ECFB007D87EF /* LiveFocusWidgetsExtension.appex */,
			);
			name = Products;
			sourceTree = "<group>";
		};
		FBF9C4F72A6C6C9A008F8943 /* fixate */ = {
			isa = PBXGroup;
			children = (
				FB30614E2A81EC31006E4E06 /* Info.plist */,
				FB56891D2A70B72700D3D516 /* fixateRelease.entitlements */,
				FBF9C5272A6C7155008F8943 /* fixate.entitlements */,
				FBF9C4F82A6C6C9A008F8943 /* fixateApp.swift */,
				FB6C89442A892C27007D87EF /* SchedulingView.swift */,
				FB30614C2A81DEE7006E4E06 /* PointsView.swift */,
				FB4988722A75807100DD9E24 /* ObjectPersistanceManager.swift */,
				FB0B4A402A7D566800F4402D /* ComputerIntegration.swift */,
				FBF9C4FA2A6C6C9A008F8943 /* ContentView.swift */,
				FBF9C4FC2A6C6C9C008F8943 /* Assets.xcassets */,
				FBF9C5012A6C6C9C008F8943 /* Persistence.swift */,
				FBF9C5032A6C6C9C008F8943 /* fixate.xcdatamodeld */,
				FBF9C4FE2A6C6C9C008F8943 /* Preview Content */,
				FB2D8ABC2A6C8BB600F99851 /* managedStores.swift */,
				FB05EFC92A6CE6E100C20955 /* MyModel.swift */,
				FB05F0012A6D074E00C20955 /* MySchedule.swift */,
				FB0D09F52A7B0415001D1CA7 /* FixateAPIHelper.swift */,
				FB6C89202A87EC86007D87EF /* LiveFocus.swift */,
			);
			path = fixate;
			sourceTree = "<group>";
		};
		FBF9C4FE2A6C6C9C008F8943 /* Preview Content */ = {
			isa = PBXGroup;
			children = (
				FBF9C4FF2A6C6C9C008F8943 /* Preview Assets.xcassets */,
			);
			path = "Preview Content";
			sourceTree = "<group>";
		};
		FBF9C50D2A6C6C9C008F8943 /* fixateTests */ = {
			isa = PBXGroup;
			children = (
				FBF9C50E2A6C6C9C008F8943 /* fixateTests.swift */,
			);
			path = fixateTests;
			sourceTree = "<group>";
		};
		FBF9C5172A6C6C9C008F8943 /* fixateUITests */ = {
			isa = PBXGroup;
			children = (
				FBF9C5182A6C6C9C008F8943 /* fixateUITests.swift */,
				FBF9C51A2A6C6C9C008F8943 /* fixateUITestsLaunchTests.swift */,
			);
			path = fixateUITests;
			sourceTree = "<group>";
		};
/* End PBXGroup section */

/* Begin PBXNativeTarget section */
		FB05EFEB2A6CEB6400C20955 /* activityReport */ = {
			isa = PBXNativeTarget;
			buildConfigurationList = FB05EFF92A6CEB6400C20955 /* Build configuration list for PBXNativeTarget "activityReport" */;
			buildPhases = (
				FB05EFE82A6CEB6400C20955 /* Sources */,
				FB05EFE92A6CEB6400C20955 /* Frameworks */,
				FB05EFEA2A6CEB6400C20955 /* Resources */,
			);
			buildRules = (
			);
			dependencies = (
			);
			name = activityReport;
			productName = activityReport;
			productReference = FB05EFEC2A6CEB6400C20955 /* activityReport.appex */;
			productType = "com.apple.product-type.extensionkit-extension";
		};
		FB6C89252A87ECFA007D87EF /* LiveFocusWidgetsExtension */ = {
			isa = PBXNativeTarget;
			buildConfigurationList = FB6C893B2A87ECFC007D87EF /* Build configuration list for PBXNativeTarget "LiveFocusWidgetsExtension" */;
			buildPhases = (
				FB6C89222A87ECFA007D87EF /* Sources */,
				FB6C89232A87ECFA007D87EF /* Frameworks */,
				FB6C89242A87ECFA007D87EF /* Resources */,
			);
			buildRules = (
			);
			dependencies = (
			);
			name = LiveFocusWidgetsExtension;
			productName = LiveFocusWidgetsExtension;
			productReference = FB6C89262A87ECFB007D87EF /* LiveFocusWidgetsExtension.appex */;
			productType = "com.apple.product-type.app-extension";
		};
		FBB81E942A82B70B007E89EC /* shieldBranding */ = {
			isa = PBXNativeTarget;
			buildConfigurationList = FBB81EA22A82B70B007E89EC /* Build configuration list for PBXNativeTarget "shieldBranding" */;
			buildPhases = (
				FBB81E912A82B70B007E89EC /* Sources */,
				FBB81E922A82B70B007E89EC /* Frameworks */,
				FBB81E932A82B70B007E89EC /* Resources */,
			);
			buildRules = (
			);
			dependencies = (
			);
			name = shieldBranding;
			productName = shieldBranding;
			productReference = FBB81E952A82B70B007E89EC /* shieldBranding.appex */;
			productType = "com.apple.product-type.app-extension";
		};
		FBD068EF2A7106D200B8195D /* TestMonitor */ = {
			isa = PBXNativeTarget;
			buildConfigurationList = FBD068FA2A7106D200B8195D /* Build configuration list for PBXNativeTarget "TestMonitor" */;
			buildPhases = (
				FBD068EC2A7106D200B8195D /* Sources */,
				FBD068ED2A7106D200B8195D /* Frameworks */,
				FBD068EE2A7106D200B8195D /* Resources */,
			);
			buildRules = (
			);
			dependencies = (
			);
			name = TestMonitor;
			packageProductDependencies = (
				FBD068FD2A710A1000B8195D /* BRYXBanner */,
			);
			productName = TestMonitor;
			productReference = FBD068F02A7106D200B8195D /* TestMonitor.appex */;
			productType = "com.apple.product-type.app-extension";
		};
		FBF9C4F42A6C6C9A008F8943 /* fixate */ = {
			isa = PBXNativeTarget;
			buildConfigurationList = FBF9C51E2A6C6C9C008F8943 /* Build configuration list for PBXNativeTarget "fixate" */;
			buildPhases = (
				FBF9C4F12A6C6C9A008F8943 /* Sources */,
				FBF9C4F22A6C6C9A008F8943 /* Frameworks */,
				FBF9C4F32A6C6C9A008F8943 /* Resources */,
				FB05EFFC2A6CEB6400C20955 /* Embed ExtensionKit Extensions */,
				FB05EFE42A6CEA8A00C20955 /* Embed Foundation Extensions */,
				FB5689072A70AB1200D3D516 /* Embed Foundation Extensions */,
			);
			buildRules = (
			);
			dependencies = (
				FB05EFF72A6CEB6400C20955 /* PBXTargetDependency */,
				FBD068F82A7106D200B8195D /* PBXTargetDependency */,
				FBB81EA02A82B70B007E89EC /* PBXTargetDependency */,
				FB6C89392A87ECFC007D87EF /* PBXTargetDependency */,
			);
			name = fixate;
			packageProductDependencies = (
				FBD068E42A70DE0E00B8195D /* BRYXBanner */,
			);
			productName = fixate;
			productReference = FBF9C4F52A6C6C9A008F8943 /* fixate.app */;
			productType = "com.apple.product-type.application";
		};
		FBF9C5092A6C6C9C008F8943 /* fixateTests */ = {
			isa = PBXNativeTarget;
			buildConfigurationList = FBF9C5212A6C6C9C008F8943 /* Build configuration list for PBXNativeTarget "fixateTests" */;
			buildPhases = (
				FBF9C5062A6C6C9C008F8943 /* Sources */,
				FBF9C5072A6C6C9C008F8943 /* Frameworks */,
				FBF9C5082A6C6C9C008F8943 /* Resources */,
			);
			buildRules = (
			);
			dependencies = (
				FBF9C50C2A6C6C9C008F8943 /* PBXTargetDependency */,
			);
			name = fixateTests;
			productName = fixateTests;
			productReference = FBF9C50A2A6C6C9C008F8943 /* fixateTests.xctest */;
			productType = "com.apple.product-type.bundle.unit-test";
		};
		FBF9C5132A6C6C9C008F8943 /* fixateUITests */ = {
			isa = PBXNativeTarget;
			buildConfigurationList = FBF9C5242A6C6C9C008F8943 /* Build configuration list for PBXNativeTarget "fixateUITests" */;
			buildPhases = (
				FBF9C5102A6C6C9C008F8943 /* Sources */,
				FBF9C5112A6C6C9C008F8943 /* Frameworks */,
				FBF9C5122A6C6C9C008F8943 /* Resources */,
			);
			buildRules = (
			);
			dependencies = (
				FBF9C5162A6C6C9C008F8943 /* PBXTargetDependency */,
			);
			name = fixateUITests;
			productName = fixateUITests;
			productReference = FBF9C5142A6C6C9C008F8943 /* fixateUITests.xctest */;
			productType = "com.apple.product-type.bundle.ui-testing";
		};
/* End PBXNativeTarget section */

/* Begin PBXProject section */
		FBF9C4ED2A6C6C9A008F8943 /* Project object */ = {
			isa = PBXProject;
			attributes = {
				BuildIndependentTargetsInParallel = 1;
				KnownAssetTags = (
					New,
				);
				LastSwiftUpdateCheck = 1430;
				LastUpgradeCheck = 1340;
				TargetAttributes = {
					FB05EFEB2A6CEB6400C20955 = {
						CreatedOnToolsVersion = 14.3.1;
					};
					FB6C89252A87ECFA007D87EF = {
						CreatedOnToolsVersion = 14.3.1;
					};
					FBB81E942A82B70B007E89EC = {
						CreatedOnToolsVersion = 14.3.1;
					};
					FBD068EF2A7106D200B8195D = {
						CreatedOnToolsVersion = 14.3.1;
					};
					FBF9C4F42A6C6C9A008F8943 = {
						CreatedOnToolsVersion = 13.4.1;
					};
					FBF9C5092A6C6C9C008F8943 = {
						CreatedOnToolsVersion = 13.4.1;
						TestTargetID = FBF9C4F42A6C6C9A008F8943;
					};
					FBF9C5132A6C6C9C008F8943 = {
						CreatedOnToolsVersion = 13.4.1;
						TestTargetID = FBF9C4F42A6C6C9A008F8943;
					};
				};
			};
			buildConfigurationList = FBF9C4F02A6C6C9A008F8943 /* Build configuration list for PBXProject "fixate" */;
			compatibilityVersion = "Xcode 14.0";
			developmentRegion = en;
			hasScannedForEncodings = 0;
			knownRegions = (
				en,
				Base,
			);
			mainGroup = FBF9C4EC2A6C6C9A008F8943;
			packageReferences = (
				FBD068E32A70DE0E00B8195D /* XCRemoteSwiftPackageReference "BRYXBanner" */,
			);
			productRefGroup = FBF9C4F62A6C6C9A008F8943 /* Products */;
			projectDirPath = "";
			projectRoot = "";
			targets = (
				FBF9C4F42A6C6C9A008F8943 /* fixate */,
				FBF9C5092A6C6C9C008F8943 /* fixateTests */,
				FBF9C5132A6C6C9C008F8943 /* fixateUITests */,
				FB05EFEB2A6CEB6400C20955 /* activityReport */,
				FBD068EF2A7106D200B8195D /* TestMonitor */,
				FBB81E942A82B70B007E89EC /* shieldBranding */,
				FB6C89252A87ECFA007D87EF /* LiveFocusWidgetsExtension */,
			);
		};
/* End PBXProject section */

/* Begin PBXResourcesBuildPhase section */
		FB05EFEA2A6CEB6400C20955 /* Resources */ = {
			isa = PBXResourcesBuildPhase;
			buildActionMask = 2147483647;
			files = (
			);
			runOnlyForDeploymentPostprocessing = 0;
		};
		FB6C89242A87ECFA007D87EF /* Resources */ = {
			isa = PBXResourcesBuildPhase;
			buildActionMask = 2147483647;
			files = (
				FB6C89342A87ECFC007D87EF /* Assets.xcassets in Resources */,
			);
			runOnlyForDeploymentPostprocessing = 0;
		};
		FBB81E932A82B70B007E89EC /* Resources */ = {
			isa = PBXResourcesBuildPhase;
			buildActionMask = 2147483647;
			files = (
				FBB81EA52A82B7A3007E89EC /* Assets.xcassets in Resources */,
			);
			runOnlyForDeploymentPostprocessing = 0;
		};
		FBD068EE2A7106D200B8195D /* Resources */ = {
			isa = PBXResourcesBuildPhase;
			buildActionMask = 2147483647;
			files = (
			);
			runOnlyForDeploymentPostprocessing = 0;
		};
		FBF9C4F32A6C6C9A008F8943 /* Resources */ = {
			isa = PBXResourcesBuildPhase;
			buildActionMask = 2147483647;
			files = (
				FBF9C5002A6C6C9C008F8943 /* Preview Assets.xcassets in Resources */,
				FBF9C4FD2A6C6C9C008F8943 /* Assets.xcassets in Resources */,
			);
			runOnlyForDeploymentPostprocessing = 0;
		};
		FBF9C5082A6C6C9C008F8943 /* Resources */ = {
			isa = PBXResourcesBuildPhase;
			buildActionMask = 2147483647;
			files = (
			);
			runOnlyForDeploymentPostprocessing = 0;
		};
		FBF9C5122A6C6C9C008F8943 /* Resources */ = {
			isa = PBXResourcesBuildPhase;
			buildActionMask = 2147483647;
			files = (
			);
			runOnlyForDeploymentPostprocessing = 0;
		};
/* End PBXResourcesBuildPhase section */

/* Begin PBXSourcesBuildPhase section */
		FB05EFE82A6CEB6400C20955 /* Sources */ = {
			isa = PBXSourcesBuildPhase;
			buildActionMask = 2147483647;
			files = (
				FB05EFF32A6CEB6400C20955 /* TotalActivityView.swift in Sources */,
				FB05EFEF2A6CEB6400C20955 /* activityReport.swift in Sources */,
				FB05EFF12A6CEB6400C20955 /* TotalActivityReport.swift in Sources */,
			);
			runOnlyForDeploymentPostprocessing = 0;
		};
		FB6C89222A87ECFA007D87EF /* Sources */ = {
			isa = PBXSourcesBuildPhase;
			buildActionMask = 2147483647;
			files = (
				FB6C89432A87F88E007D87EF /* WidgetDemo.swift in Sources */,
				FB6C893F2A87F7F6007D87EF /* LiveFocus.swift in Sources */,
				FB6C89402A87F7FC007D87EF /* ObjectPersistanceManager.swift in Sources */,
				FB6C89362A87ECFC007D87EF /* LiveFocusWidgets.intentdefinition in Sources */,
			);
			runOnlyForDeploymentPostprocessing = 0;
		};
		FBB81E912A82B70B007E89EC /* Sources */ = {
			isa = PBXSourcesBuildPhase;
			buildActionMask = 2147483647;
			files = (
				FBB81E9C2A82B70B007E89EC /* ShieldConfigurationExtension.swift in Sources */,
			);
			runOnlyForDeploymentPostprocessing = 0;
		};
		FBD068EC2A7106D200B8195D /* Sources */ = {
			isa = PBXSourcesBuildPhase;
			buildActionMask = 2147483647;
			files = (
				FB6C89412A87F82B007D87EF /* LiveFocus.swift in Sources */,
				FBD069042A7110AD00B8195D /* DeviceActivityMonitorExtension.swift in Sources */,
				FBD069072A71181400B8195D /* MyModel.swift in Sources */,
				FB4988742A75807100DD9E24 /* ObjectPersistanceManager.swift in Sources */,
				FB0D09F72A7B0419001D1CA7 /* FixateAPIHelper.swift in Sources */,
			);
			runOnlyForDeploymentPostprocessing = 0;
		};
		FBF9C4F12A6C6C9A008F8943 /* Sources */ = {
			isa = PBXSourcesBuildPhase;
			buildActionMask = 2147483647;
			files = (
				FBF9C5052A6C6C9C008F8943 /* fixate.xcdatamodeld in Sources */,
				FB05EFCA2A6CE6E100C20955 /* MyModel.swift in Sources */,
				FB4988732A75807100DD9E24 /* ObjectPersistanceManager.swift in Sources */,
				FB2D8ABD2A6C8BB600F99851 /* managedStores.swift in Sources */,
				FBF9C5022A6C6C9C008F8943 /* Persistence.swift in Sources */,
				FB6C89372A87ECFC007D87EF /* LiveFocusWidgets.intentdefinition in Sources */,
				FB6C89212A87EC86007D87EF /* LiveFocus.swift in Sources */,
				FBF9C4FB2A6C6C9A008F8943 /* ContentView.swift in Sources */,
				FB0D09F62A7B0415001D1CA7 /* FixateAPIHelper.swift in Sources */,
				FB05F0022A6D074E00C20955 /* MySchedule.swift in Sources */,
				FB6C89452A892C27007D87EF /* SchedulingView.swift in Sources */,
				FB0B4A412A7D566800F4402D /* ComputerIntegration.swift in Sources */,
				FBF9C4F92A6C6C9A008F8943 /* fixateApp.swift in Sources */,
				FB30614D2A81DEE7006E4E06 /* PointsView.swift in Sources */,
			);
			runOnlyForDeploymentPostprocessing = 0;
		};
		FBF9C5062A6C6C9C008F8943 /* Sources */ = {
			isa = PBXSourcesBuildPhase;
			buildActionMask = 2147483647;
			files = (
				FBF9C50F2A6C6C9C008F8943 /* fixateTests.swift in Sources */,
			);
			runOnlyForDeploymentPostprocessing = 0;
		};
		FBF9C5102A6C6C9C008F8943 /* Sources */ = {
			isa = PBXSourcesBuildPhase;
			buildActionMask = 2147483647;
			files = (
				FBF9C5192A6C6C9C008F8943 /* fixateUITests.swift in Sources */,
				FBF9C51B2A6C6C9C008F8943 /* fixateUITestsLaunchTests.swift in Sources */,
			);
			runOnlyForDeploymentPostprocessing = 0;
		};
/* End PBXSourcesBuildPhase section */

/* Begin PBXTargetDependency section */
		FB05EFF72A6CEB6400C20955 /* PBXTargetDependency */ = {
			isa = PBXTargetDependency;
			target = FB05EFEB2A6CEB6400C20955 /* activityReport */;
			targetProxy = FB05EFF62A6CEB6400C20955 /* PBXContainerItemProxy */;
		};
		FB6C89392A87ECFC007D87EF /* PBXTargetDependency */ = {
			isa = PBXTargetDependency;
			target = FB6C89252A87ECFA007D87EF /* LiveFocusWidgetsExtension */;
			targetProxy = FB6C89382A87ECFC007D87EF /* PBXContainerItemProxy */;
		};
		FBB81EA02A82B70B007E89EC /* PBXTargetDependency */ = {
			isa = PBXTargetDependency;
			target = FBB81E942A82B70B007E89EC /* shieldBranding */;
			targetProxy = FBB81E9F2A82B70B007E89EC /* PBXContainerItemProxy */;
		};
		FBD068F82A7106D200B8195D /* PBXTargetDependency */ = {
			isa = PBXTargetDependency;
			target = FBD068EF2A7106D200B8195D /* TestMonitor */;
			targetProxy = FBD068F72A7106D200B8195D /* PBXContainerItemProxy */;
		};
		FBF9C50C2A6C6C9C008F8943 /* PBXTargetDependency */ = {
			isa = PBXTargetDependency;
			target = FBF9C4F42A6C6C9A008F8943 /* fixate */;
			targetProxy = FBF9C50B2A6C6C9C008F8943 /* PBXContainerItemProxy */;
		};
		FBF9C5162A6C6C9C008F8943 /* PBXTargetDependency */ = {
			isa = PBXTargetDependency;
			target = FBF9C4F42A6C6C9A008F8943 /* fixate */;
			targetProxy = FBF9C5152A6C6C9C008F8943 /* PBXContainerItemProxy */;
		};
/* End PBXTargetDependency section */

/* Begin XCBuildConfiguration section */
		FB05EFFA2A6CEB6400C20955 /* Debug */ = {
			isa = XCBuildConfiguration;
			buildSettings = {
				CLANG_CXX_LANGUAGE_STANDARD = "gnu++20";
				CODE_SIGN_ENTITLEMENTS = activityReport/activityReport.entitlements;
				CODE_SIGN_STYLE = Automatic;
				CURRENT_PROJECT_VERSION = 1;
				DEVELOPMENT_TEAM = 6KK9M46VM2;
				GENERATE_INFOPLIST_FILE = YES;
				INFOPLIST_FILE = activityReport/Info.plist;
				INFOPLIST_KEY_CFBundleDisplayName = activityReport;
				INFOPLIST_KEY_NSHumanReadableCopyright = "";
				IPHONEOS_DEPLOYMENT_TARGET = 16.0;
				LD_RUNPATH_SEARCH_PATHS = (
					"$(inherited)",
					"@executable_path/Frameworks",
					"@executable_path/../../Frameworks",
				);
				MARKETING_VERSION = 1.0;
				PRODUCT_BUNDLE_IDENTIFIER = com.shoryamalani.fixate.activityReport;
				PRODUCT_NAME = "$(TARGET_NAME)";
				SKIP_INSTALL = YES;
				SWIFT_EMIT_LOC_STRINGS = YES;
				SWIFT_VERSION = 5.0;
				TARGETED_DEVICE_FAMILY = "1,2";
			};
			name = Debug;
		};
		FB05EFFB2A6CEB6400C20955 /* Release */ = {
			isa = XCBuildConfiguration;
			buildSettings = {
				CLANG_CXX_LANGUAGE_STANDARD = "gnu++20";
				CODE_SIGN_ENTITLEMENTS = activityReport/activityReport.entitlements;
				CODE_SIGN_STYLE = Automatic;
				CURRENT_PROJECT_VERSION = 1;
				DEVELOPMENT_TEAM = 6KK9M46VM2;
				GENERATE_INFOPLIST_FILE = YES;
				INFOPLIST_FILE = activityReport/Info.plist;
				INFOPLIST_KEY_CFBundleDisplayName = activityReport;
				INFOPLIST_KEY_NSHumanReadableCopyright = "";
				IPHONEOS_DEPLOYMENT_TARGET = 16.0;
				LD_RUNPATH_SEARCH_PATHS = (
					"$(inherited)",
					"@executable_path/Frameworks",
					"@executable_path/../../Frameworks",
				);
				MARKETING_VERSION = 1.0;
				PRODUCT_BUNDLE_IDENTIFIER = com.shoryamalani.fixate.activityReport;
				PRODUCT_NAME = "$(TARGET_NAME)";
				SKIP_INSTALL = YES;
				SWIFT_EMIT_LOC_STRINGS = YES;
				SWIFT_VERSION = 5.0;
				TARGETED_DEVICE_FAMILY = "1,2";
			};
			name = Release;
		};
		FB6C893C2A87ECFC007D87EF /* Debug */ = {
			isa = XCBuildConfiguration;
			buildSettings = {
				ASSETCATALOG_COMPILER_GLOBAL_ACCENT_COLOR_NAME = AccentColor;
				ASSETCATALOG_COMPILER_WIDGET_BACKGROUND_COLOR_NAME = WidgetBackground;
				CLANG_CXX_LANGUAGE_STANDARD = "gnu++20";
				CODE_SIGN_IDENTITY = "Apple Development";
				CODE_SIGN_STYLE = Automatic;
				CURRENT_PROJECT_VERSION = 1;
				DEVELOPMENT_TEAM = 6KK9M46VM2;
				GENERATE_INFOPLIST_FILE = YES;
				INFOPLIST_FILE = LiveFocusWidgets/Info.plist;
				INFOPLIST_KEY_CFBundleDisplayName = LiveFocusWidgets;
				INFOPLIST_KEY_NSHumanReadableCopyright = "";
				IPHONEOS_DEPLOYMENT_TARGET = 16.4;
				LD_RUNPATH_SEARCH_PATHS = (
					"$(inherited)",
					"@executable_path/Frameworks",
					"@executable_path/../../Frameworks",
				);
				MARKETING_VERSION = 1.0;
				PRODUCT_BUNDLE_IDENTIFIER = com.shoryamalani.fixate.LiveFocusWidgets;
				PRODUCT_NAME = "$(TARGET_NAME)";
				SKIP_INSTALL = YES;
				SWIFT_EMIT_LOC_STRINGS = YES;
				SWIFT_VERSION = 5.0;
				TARGETED_DEVICE_FAMILY = "1,2";
			};
			name = Debug;
		};
		FB6C893D2A87ECFC007D87EF /* Release */ = {
			isa = XCBuildConfiguration;
			buildSettings = {
				ASSETCATALOG_COMPILER_GLOBAL_ACCENT_COLOR_NAME = AccentColor;
				ASSETCATALOG_COMPILER_WIDGET_BACKGROUND_COLOR_NAME = WidgetBackground;
				CLANG_CXX_LANGUAGE_STANDARD = "gnu++20";
				CODE_SIGN_IDENTITY = "Apple Development";
				CODE_SIGN_STYLE = Automatic;
				CURRENT_PROJECT_VERSION = 1;
				DEVELOPMENT_TEAM = 6KK9M46VM2;
				GENERATE_INFOPLIST_FILE = YES;
				INFOPLIST_FILE = LiveFocusWidgets/Info.plist;
				INFOPLIST_KEY_CFBundleDisplayName = LiveFocusWidgets;
				INFOPLIST_KEY_NSHumanReadableCopyright = "";
				IPHONEOS_DEPLOYMENT_TARGET = 16.4;
				LD_RUNPATH_SEARCH_PATHS = (
					"$(inherited)",
					"@executable_path/Frameworks",
					"@executable_path/../../Frameworks",
				);
				MARKETING_VERSION = 1.0;
				PRODUCT_BUNDLE_IDENTIFIER = com.shoryamalani.fixate.LiveFocusWidgets;
				PRODUCT_NAME = "$(TARGET_NAME)";
				SKIP_INSTALL = YES;
				SWIFT_EMIT_LOC_STRINGS = YES;
				SWIFT_VERSION = 5.0;
				TARGETED_DEVICE_FAMILY = "1,2";
			};
			name = Release;
		};
		FBB81EA32A82B70B007E89EC /* Debug */ = {
			isa = XCBuildConfiguration;
			buildSettings = {
				CLANG_CXX_LANGUAGE_STANDARD = "gnu++20";
				CODE_SIGN_ENTITLEMENTS = shieldBranding/shieldBranding.entitlements;
				CODE_SIGN_IDENTITY = "Apple Development";
				CODE_SIGN_STYLE = Automatic;
				CURRENT_PROJECT_VERSION = 1;
				DEVELOPMENT_TEAM = 6KK9M46VM2;
				GENERATE_INFOPLIST_FILE = YES;
				INFOPLIST_FILE = shieldBranding/Info.plist;
				INFOPLIST_KEY_CFBundleDisplayName = shieldBranding;
				INFOPLIST_KEY_NSHumanReadableCopyright = "";
				IPHONEOS_DEPLOYMENT_TARGET = 16.4;
				LD_RUNPATH_SEARCH_PATHS = (
					"$(inherited)",
					"@executable_path/Frameworks",
					"@executable_path/../../Frameworks",
				);
				MARKETING_VERSION = 1.0;
				PRODUCT_BUNDLE_IDENTIFIER = com.shoryamalani.fixate.shieldBranding;
				PRODUCT_NAME = "$(TARGET_NAME)";
				SKIP_INSTALL = YES;
				SWIFT_EMIT_LOC_STRINGS = YES;
				SWIFT_VERSION = 5.0;
				TARGETED_DEVICE_FAMILY = "1,2";
			};
			name = Debug;
		};
		FBB81EA42A82B70B007E89EC /* Release */ = {
			isa = XCBuildConfiguration;
			buildSettings = {
				CLANG_CXX_LANGUAGE_STANDARD = "gnu++20";
				CODE_SIGN_ENTITLEMENTS = shieldBranding/shieldBranding.entitlements;
				CODE_SIGN_IDENTITY = "Apple Development";
				CODE_SIGN_STYLE = Automatic;
				CURRENT_PROJECT_VERSION = 1;
				DEVELOPMENT_TEAM = 6KK9M46VM2;
				GENERATE_INFOPLIST_FILE = YES;
				INFOPLIST_FILE = shieldBranding/Info.plist;
				INFOPLIST_KEY_CFBundleDisplayName = shieldBranding;
				INFOPLIST_KEY_NSHumanReadableCopyright = "";
				IPHONEOS_DEPLOYMENT_TARGET = 16.4;
				LD_RUNPATH_SEARCH_PATHS = (
					"$(inherited)",
					"@executable_path/Frameworks",
					"@executable_path/../../Frameworks",
				);
				MARKETING_VERSION = 1.0;
				PRODUCT_BUNDLE_IDENTIFIER = com.shoryamalani.fixate.shieldBranding;
				PRODUCT_NAME = "$(TARGET_NAME)";
				SKIP_INSTALL = YES;
				SWIFT_EMIT_LOC_STRINGS = YES;
				SWIFT_VERSION = 5.0;
				TARGETED_DEVICE_FAMILY = "1,2";
			};
			name = Release;
		};
		FBD068FB2A7106D200B8195D /* Debug */ = {
			isa = XCBuildConfiguration;
			buildSettings = {
				CLANG_CXX_LANGUAGE_STANDARD = "gnu++20";
				CODE_SIGN_ENTITLEMENTS = TestMonitor/TestMonitor.entitlements;
				CODE_SIGN_STYLE = Automatic;
				CURRENT_PROJECT_VERSION = 1;
				DEVELOPMENT_TEAM = 6KK9M46VM2;
				GENERATE_INFOPLIST_FILE = YES;
				INFOPLIST_FILE = TestMonitor/Info.plist;
				INFOPLIST_KEY_CFBundleDisplayName = TestMonitor;
				INFOPLIST_KEY_NSHumanReadableCopyright = "";
				IPHONEOS_DEPLOYMENT_TARGET = 16.4;
				LD_RUNPATH_SEARCH_PATHS = (
					"$(inherited)",
					"@executable_path/Frameworks",
					"@executable_path/../../Frameworks",
				);
				MARKETING_VERSION = 1.0;
				PRODUCT_BUNDLE_IDENTIFIER = com.shoryamalani.fixate.TestMonitor;
				PRODUCT_NAME = "$(TARGET_NAME)";
				SKIP_INSTALL = YES;
				SWIFT_EMIT_LOC_STRINGS = YES;
				SWIFT_VERSION = 5.0;
				TARGETED_DEVICE_FAMILY = "1,2";
			};
			name = Debug;
		};
		FBD068FC2A7106D200B8195D /* Release */ = {
			isa = XCBuildConfiguration;
			buildSettings = {
				CLANG_CXX_LANGUAGE_STANDARD = "gnu++20";
				CODE_SIGN_ENTITLEMENTS = TestMonitor/TestMonitor.entitlements;
				CODE_SIGN_STYLE = Automatic;
				CURRENT_PROJECT_VERSION = 1;
				DEVELOPMENT_TEAM = 6KK9M46VM2;
				GENERATE_INFOPLIST_FILE = YES;
				INFOPLIST_FILE = TestMonitor/Info.plist;
				INFOPLIST_KEY_CFBundleDisplayName = TestMonitor;
				INFOPLIST_KEY_NSHumanReadableCopyright = "";
				IPHONEOS_DEPLOYMENT_TARGET = 16.4;
				LD_RUNPATH_SEARCH_PATHS = (
					"$(inherited)",
					"@executable_path/Frameworks",
					"@executable_path/../../Frameworks",
				);
				MARKETING_VERSION = 1.0;
				PRODUCT_BUNDLE_IDENTIFIER = com.shoryamalani.fixate.TestMonitor;
				PRODUCT_NAME = "$(TARGET_NAME)";
				SKIP_INSTALL = YES;
				SWIFT_EMIT_LOC_STRINGS = YES;
				SWIFT_VERSION = 5.0;
				TARGETED_DEVICE_FAMILY = "1,2";
			};
			name = Release;
		};
		FBF9C51C2A6C6C9C008F8943 /* Debug */ = {
			isa = XCBuildConfiguration;
			buildSettings = {
				ALWAYS_SEARCH_USER_PATHS = NO;
				CLANG_ANALYZER_NONNULL = YES;
				CLANG_ANALYZER_NUMBER_OBJECT_CONVERSION = YES_AGGRESSIVE;
				CLANG_CXX_LANGUAGE_STANDARD = "gnu++17";
				CLANG_ENABLE_MODULES = YES;
				CLANG_ENABLE_OBJC_ARC = YES;
				CLANG_ENABLE_OBJC_WEAK = YES;
				CLANG_WARN_BLOCK_CAPTURE_AUTORELEASING = YES;
				CLANG_WARN_BOOL_CONVERSION = YES;
				CLANG_WARN_COMMA = YES;
				CLANG_WARN_CONSTANT_CONVERSION = YES;
				CLANG_WARN_DEPRECATED_OBJC_IMPLEMENTATIONS = YES;
				CLANG_WARN_DIRECT_OBJC_ISA_USAGE = YES_ERROR;
				CLANG_WARN_DOCUMENTATION_COMMENTS = YES;
				CLANG_WARN_EMPTY_BODY = YES;
				CLANG_WARN_ENUM_CONVERSION = YES;
				CLANG_WARN_INFINITE_RECURSION = YES;
				CLANG_WARN_INT_CONVERSION = YES;
				CLANG_WARN_NON_LITERAL_NULL_CONVERSION = YES;
				CLANG_WARN_OBJC_IMPLICIT_RETAIN_SELF = YES;
				CLANG_WARN_OBJC_LITERAL_CONVERSION = YES;
				CLANG_WARN_OBJC_ROOT_CLASS = YES_ERROR;
				CLANG_WARN_QUOTED_INCLUDE_IN_FRAMEWORK_HEADER = YES;
				CLANG_WARN_RANGE_LOOP_ANALYSIS = YES;
				CLANG_WARN_STRICT_PROTOTYPES = YES;
				CLANG_WARN_SUSPICIOUS_MOVE = YES;
				CLANG_WARN_UNGUARDED_AVAILABILITY = YES_AGGRESSIVE;
				CLANG_WARN_UNREACHABLE_CODE = YES;
				CLANG_WARN__DUPLICATE_METHOD_MATCH = YES;
				COPY_PHASE_STRIP = NO;
				DEBUG_INFORMATION_FORMAT = dwarf;
				ENABLE_STRICT_OBJC_MSGSEND = YES;
				ENABLE_TESTABILITY = YES;
				GCC_C_LANGUAGE_STANDARD = gnu11;
				GCC_DYNAMIC_NO_PIC = NO;
				GCC_NO_COMMON_BLOCKS = YES;
				GCC_OPTIMIZATION_LEVEL = 0;
				GCC_PREPROCESSOR_DEFINITIONS = (
					"DEBUG=1",
					"$(inherited)",
				);
				GCC_WARN_64_TO_32_BIT_CONVERSION = YES;
				GCC_WARN_ABOUT_RETURN_TYPE = YES_ERROR;
				GCC_WARN_UNDECLARED_SELECTOR = YES;
				GCC_WARN_UNINITIALIZED_AUTOS = YES_AGGRESSIVE;
				GCC_WARN_UNUSED_FUNCTION = YES;
				GCC_WARN_UNUSED_VARIABLE = YES;
				IPHONEOS_DEPLOYMENT_TARGET = 16.2;
				MTL_ENABLE_DEBUG_INFO = INCLUDE_SOURCE;
				MTL_FAST_MATH = YES;
				ONLY_ACTIVE_ARCH = YES;
				SDKROOT = iphoneos;
				SWIFT_ACTIVE_COMPILATION_CONDITIONS = DEBUG;
				SWIFT_OPTIMIZATION_LEVEL = "-Onone";
			};
			name = Debug;
		};
		FBF9C51D2A6C6C9C008F8943 /* Release */ = {
			isa = XCBuildConfiguration;
			buildSettings = {
				ALWAYS_SEARCH_USER_PATHS = NO;
				CLANG_ANALYZER_NONNULL = YES;
				CLANG_ANALYZER_NUMBER_OBJECT_CONVERSION = YES_AGGRESSIVE;
				CLANG_CXX_LANGUAGE_STANDARD = "gnu++17";
				CLANG_ENABLE_MODULES = YES;
				CLANG_ENABLE_OBJC_ARC = YES;
				CLANG_ENABLE_OBJC_WEAK = YES;
				CLANG_WARN_BLOCK_CAPTURE_AUTORELEASING = YES;
				CLANG_WARN_BOOL_CONVERSION = YES;
				CLANG_WARN_COMMA = YES;
				CLANG_WARN_CONSTANT_CONVERSION = YES;
				CLANG_WARN_DEPRECATED_OBJC_IMPLEMENTATIONS = YES;
				CLANG_WARN_DIRECT_OBJC_ISA_USAGE = YES_ERROR;
				CLANG_WARN_DOCUMENTATION_COMMENTS = YES;
				CLANG_WARN_EMPTY_BODY = YES;
				CLANG_WARN_ENUM_CONVERSION = YES;
				CLANG_WARN_INFINITE_RECURSION = YES;
				CLANG_WARN_INT_CONVERSION = YES;
				CLANG_WARN_NON_LITERAL_NULL_CONVERSION = YES;
				CLANG_WARN_OBJC_IMPLICIT_RETAIN_SELF = YES;
				CLANG_WARN_OBJC_LITERAL_CONVERSION = YES;
				CLANG_WARN_OBJC_ROOT_CLASS = YES_ERROR;
				CLANG_WARN_QUOTED_INCLUDE_IN_FRAMEWORK_HEADER = YES;
				CLANG_WARN_RANGE_LOOP_ANALYSIS = YES;
				CLANG_WARN_STRICT_PROTOTYPES = YES;
				CLANG_WARN_SUSPICIOUS_MOVE = YES;
				CLANG_WARN_UNGUARDED_AVAILABILITY = YES_AGGRESSIVE;
				CLANG_WARN_UNREACHABLE_CODE = YES;
				CLANG_WARN__DUPLICATE_METHOD_MATCH = YES;
				COPY_PHASE_STRIP = NO;
				DEBUG_INFORMATION_FORMAT = "dwarf-with-dsym";
				ENABLE_NS_ASSERTIONS = NO;
				ENABLE_STRICT_OBJC_MSGSEND = YES;
				GCC_C_LANGUAGE_STANDARD = gnu11;
				GCC_NO_COMMON_BLOCKS = YES;
				GCC_WARN_64_TO_32_BIT_CONVERSION = YES;
				GCC_WARN_ABOUT_RETURN_TYPE = YES_ERROR;
				GCC_WARN_UNDECLARED_SELECTOR = YES;
				GCC_WARN_UNINITIALIZED_AUTOS = YES_AGGRESSIVE;
				GCC_WARN_UNUSED_FUNCTION = YES;
				GCC_WARN_UNUSED_VARIABLE = YES;
				IPHONEOS_DEPLOYMENT_TARGET = 16.2;
				MTL_ENABLE_DEBUG_INFO = NO;
				MTL_FAST_MATH = YES;
				SDKROOT = iphoneos;
				SWIFT_COMPILATION_MODE = wholemodule;
				SWIFT_OPTIMIZATION_LEVEL = "-O";
				VALIDATE_PRODUCT = YES;
			};
			name = Release;
		};
		FBF9C51F2A6C6C9C008F8943 /* Debug */ = {
			isa = XCBuildConfiguration;
			buildSettings = {
				ALWAYS_EMBED_SWIFT_STANDARD_LIBRARIES = YES;
				ASSETCATALOG_COMPILER_APPICON_NAME = appicon;
				ASSETCATALOG_COMPILER_GLOBAL_ACCENT_COLOR_NAME = AccentColor;
				ASSETCATALOG_COMPILER_INCLUDE_ALL_APPICON_ASSETS = NO;
				CODE_SIGN_ENTITLEMENTS = fixate/fixate.entitlements;
				CODE_SIGN_IDENTITY = "Apple Development";
				CODE_SIGN_STYLE = Automatic;
				CURRENT_PROJECT_VERSION = 1;
				DEVELOPMENT_ASSET_PATHS = "\"fixate/Preview Content\"";
				DEVELOPMENT_TEAM = 6KK9M46VM2;
				ENABLE_PREVIEWS = YES;
				GENERATE_INFOPLIST_FILE = YES;
				INFOPLIST_FILE = fixate/Info.plist;
				INFOPLIST_KEY_CFBundleDisplayName = Fixate;
				INFOPLIST_KEY_LSApplicationCategoryType = "public.app-category.productivity";
				INFOPLIST_KEY_UIApplicationSceneManifest_Generation = YES;
				INFOPLIST_KEY_UIApplicationSupportsIndirectInputEvents = YES;
				INFOPLIST_KEY_UILaunchScreen_Generation = YES;
				INFOPLIST_KEY_UISupportedInterfaceOrientations = UIInterfaceOrientationPortrait;
				INFOPLIST_KEY_UISupportedInterfaceOrientations_iPad = "UIInterfaceOrientationPortrait UIInterfaceOrientationPortraitUpsideDown";
				IPHONEOS_DEPLOYMENT_TARGET = 16.4;
				LD_RUNPATH_SEARCH_PATHS = (
					"$(inherited)",
					"@executable_path/Frameworks",
				);
				MARKETING_VERSION = 1.1;
				PRODUCT_BUNDLE_IDENTIFIER = com.shoryamalani.fixate;
				PRODUCT_NAME = "$(TARGET_NAME)";
				PROVISIONING_PROFILE_SPECIFIER = "";
				SUPPORTED_PLATFORMS = "iphoneos iphonesimulator";
				SUPPORTS_MACCATALYST = NO;
				SUPPORTS_MAC_DESIGNED_FOR_IPHONE_IPAD = NO;
				SWIFT_EMIT_LOC_STRINGS = YES;
				SWIFT_VERSION = 5.0;
				TARGETED_DEVICE_FAMILY = 1;
			};
			name = Debug;
		};
		FBF9C5202A6C6C9C008F8943 /* Release */ = {
			isa = XCBuildConfiguration;
			buildSettings = {
				ALWAYS_EMBED_SWIFT_STANDARD_LIBRARIES = YES;
				ASSETCATALOG_COMPILER_APPICON_NAME = appicon;
				ASSETCATALOG_COMPILER_GLOBAL_ACCENT_COLOR_NAME = AccentColor;
				ASSETCATALOG_COMPILER_INCLUDE_ALL_APPICON_ASSETS = NO;
				CODE_SIGN_ENTITLEMENTS = fixate/fixateRelease.entitlements;
				CODE_SIGN_IDENTITY = "Apple Development";
				CODE_SIGN_STYLE = Automatic;
				CURRENT_PROJECT_VERSION = 1;
				DEVELOPMENT_ASSET_PATHS = "\"fixate/Preview Content\"";
				DEVELOPMENT_TEAM = 6KK9M46VM2;
				ENABLE_PREVIEWS = YES;
				GENERATE_INFOPLIST_FILE = YES;
				INFOPLIST_FILE = fixate/Info.plist;
				INFOPLIST_KEY_CFBundleDisplayName = Fixate;
				INFOPLIST_KEY_LSApplicationCategoryType = "public.app-category.productivity";
				INFOPLIST_KEY_UIApplicationSceneManifest_Generation = YES;
				INFOPLIST_KEY_UIApplicationSupportsIndirectInputEvents = YES;
				INFOPLIST_KEY_UILaunchScreen_Generation = YES;
				INFOPLIST_KEY_UISupportedInterfaceOrientations = UIInterfaceOrientationPortrait;
				INFOPLIST_KEY_UISupportedInterfaceOrientations_iPad = "UIInterfaceOrientationPortrait UIInterfaceOrientationPortraitUpsideDown";
				IPHONEOS_DEPLOYMENT_TARGET = 16.4;
				LD_RUNPATH_SEARCH_PATHS = (
					"$(inherited)",
					"@executable_path/Frameworks",
				);
				MARKETING_VERSION = 1.1;
				PRODUCT_BUNDLE_IDENTIFIER = com.shoryamalani.fixate;
				PRODUCT_NAME = "$(TARGET_NAME)";
				PROVISIONING_PROFILE_SPECIFIER = "";
				SUPPORTED_PLATFORMS = "iphoneos iphonesimulator";
				SUPPORTS_MACCATALYST = NO;
				SUPPORTS_MAC_DESIGNED_FOR_IPHONE_IPAD = NO;
				SWIFT_EMIT_LOC_STRINGS = YES;
				SWIFT_VERSION = 5.0;
				TARGETED_DEVICE_FAMILY = 1;
			};
			name = Release;
		};
		FBF9C5222A6C6C9C008F8943 /* Debug */ = {
			isa = XCBuildConfiguration;
			buildSettings = {
				ALWAYS_EMBED_SWIFT_STANDARD_LIBRARIES = YES;
				BUNDLE_LOADER = "$(TEST_HOST)";
				CODE_SIGN_STYLE = Automatic;
				CURRENT_PROJECT_VERSION = 1;
				DEVELOPMENT_TEAM = 6KK9M46VM2;
				GENERATE_INFOPLIST_FILE = YES;
				IPHONEOS_DEPLOYMENT_TARGET = 16.2;
				MARKETING_VERSION = 1.0;
				PRODUCT_BUNDLE_IDENTIFIER = com.shoryamalani.fixateTests;
				PRODUCT_NAME = "$(TARGET_NAME)";
				SWIFT_EMIT_LOC_STRINGS = NO;
				SWIFT_VERSION = 5.0;
				TARGETED_DEVICE_FAMILY = "1,2";
				TEST_HOST = "$(BUILT_PRODUCTS_DIR)/fixate.app/fixate";
			};
			name = Debug;
		};
		FBF9C5232A6C6C9C008F8943 /* Release */ = {
			isa = XCBuildConfiguration;
			buildSettings = {
				ALWAYS_EMBED_SWIFT_STANDARD_LIBRARIES = YES;
				BUNDLE_LOADER = "$(TEST_HOST)";
				CODE_SIGN_STYLE = Automatic;
				CURRENT_PROJECT_VERSION = 1;
				DEVELOPMENT_TEAM = 6KK9M46VM2;
				GENERATE_INFOPLIST_FILE = YES;
				IPHONEOS_DEPLOYMENT_TARGET = 16.2;
				MARKETING_VERSION = 1.0;
				PRODUCT_BUNDLE_IDENTIFIER = com.shoryamalani.fixateTests;
				PRODUCT_NAME = "$(TARGET_NAME)";
				SWIFT_EMIT_LOC_STRINGS = NO;
				SWIFT_VERSION = 5.0;
				TARGETED_DEVICE_FAMILY = "1,2";
				TEST_HOST = "$(BUILT_PRODUCTS_DIR)/fixate.app/fixate";
			};
			name = Release;
		};
		FBF9C5252A6C6C9C008F8943 /* Debug */ = {
			isa = XCBuildConfiguration;
			buildSettings = {
				ALWAYS_EMBED_SWIFT_STANDARD_LIBRARIES = YES;
				CODE_SIGN_STYLE = Automatic;
				CURRENT_PROJECT_VERSION = 1;
				DEVELOPMENT_TEAM = 6KK9M46VM2;
				GENERATE_INFOPLIST_FILE = YES;
				MARKETING_VERSION = 1.0;
				PRODUCT_BUNDLE_IDENTIFIER = com.shoryamalani.fixateUITests;
				PRODUCT_NAME = "$(TARGET_NAME)";
				SWIFT_EMIT_LOC_STRINGS = NO;
				SWIFT_VERSION = 5.0;
				TARGETED_DEVICE_FAMILY = "1,2";
				TEST_TARGET_NAME = fixate;
			};
			name = Debug;
		};
		FBF9C5262A6C6C9C008F8943 /* Release */ = {
			isa = XCBuildConfiguration;
			buildSettings = {
				ALWAYS_EMBED_SWIFT_STANDARD_LIBRARIES = YES;
				CODE_SIGN_STYLE = Automatic;
				CURRENT_PROJECT_VERSION = 1;
				DEVELOPMENT_TEAM = 6KK9M46VM2;
				GENERATE_INFOPLIST_FILE = YES;
				MARKETING_VERSION = 1.0;
				PRODUCT_BUNDLE_IDENTIFIER = com.shoryamalani.fixateUITests;
				PRODUCT_NAME = "$(TARGET_NAME)";
				SWIFT_EMIT_LOC_STRINGS = NO;
				SWIFT_VERSION = 5.0;
				TARGETED_DEVICE_FAMILY = "1,2";
				TEST_TARGET_NAME = fixate;
			};
			name = Release;
		};
/* End XCBuildConfiguration section */

/* Begin XCConfigurationList section */
		FB05EFF92A6CEB6400C20955 /* Build configuration list for PBXNativeTarget "activityReport" */ = {
			isa = XCConfigurationList;
			buildConfigurations = (
				FB05EFFA2A6CEB6400C20955 /* Debug */,
				FB05EFFB2A6CEB6400C20955 /* Release */,
			);
			defaultConfigurationIsVisible = 0;
			defaultConfigurationName = Release;
		};
		FB6C893B2A87ECFC007D87EF /* Build configuration list for PBXNativeTarget "LiveFocusWidgetsExtension" */ = {
			isa = XCConfigurationList;
			buildConfigurations = (
				FB6C893C2A87ECFC007D87EF /* Debug */,
				FB6C893D2A87ECFC007D87EF /* Release */,
			);
			defaultConfigurationIsVisible = 0;
			defaultConfigurationName = Release;
		};
		FBB81EA22A82B70B007E89EC /* Build configuration list for PBXNativeTarget "shieldBranding" */ = {
			isa = XCConfigurationList;
			buildConfigurations = (
				FBB81EA32A82B70B007E89EC /* Debug */,
				FBB81EA42A82B70B007E89EC /* Release */,
			);
			defaultConfigurationIsVisible = 0;
			defaultConfigurationName = Release;
		};
		FBD068FA2A7106D200B8195D /* Build configuration list for PBXNativeTarget "TestMonitor" */ = {
			isa = XCConfigurationList;
			buildConfigurations = (
				FBD068FB2A7106D200B8195D /* Debug */,
				FBD068FC2A7106D200B8195D /* Release */,
			);
			defaultConfigurationIsVisible = 0;
			defaultConfigurationName = Release;
		};
		FBF9C4F02A6C6C9A008F8943 /* Build configuration list for PBXProject "fixate" */ = {
			isa = XCConfigurationList;
			buildConfigurations = (
				FBF9C51C2A6C6C9C008F8943 /* Debug */,
				FBF9C51D2A6C6C9C008F8943 /* Release */,
			);
			defaultConfigurationIsVisible = 0;
			defaultConfigurationName = Release;
		};
		FBF9C51E2A6C6C9C008F8943 /* Build configuration list for PBXNativeTarget "fixate" */ = {
			isa = XCConfigurationList;
			buildConfigurations = (
				FBF9C51F2A6C6C9C008F8943 /* Debug */,
				FBF9C5202A6C6C9C008F8943 /* Release */,
			);
			defaultConfigurationIsVisible = 0;
			defaultConfigurationName = Release;
		};
		FBF9C5212A6C6C9C008F8943 /* Build configuration list for PBXNativeTarget "fixateTests" */ = {
			isa = XCConfigurationList;
			buildConfigurations = (
				FBF9C5222A6C6C9C008F8943 /* Debug */,
				FBF9C5232A6C6C9C008F8943 /* Release */,
			);
			defaultConfigurationIsVisible = 0;
			defaultConfigurationName = Release;
		};
		FBF9C5242A6C6C9C008F8943 /* Build configuration list for PBXNativeTarget "fixateUITests" */ = {
			isa = XCConfigurationList;
			buildConfigurations = (
				FBF9C5252A6C6C9C008F8943 /* Debug */,
				FBF9C5262A6C6C9C008F8943 /* Release */,
			);
			defaultConfigurationIsVisible = 0;
			defaultConfigurationName = Release;
		};
/* End XCConfigurationList section */

/* Begin XCRemoteSwiftPackageReference section */
		FBD068E32A70DE0E00B8195D /* XCRemoteSwiftPackageReference "BRYXBanner" */ = {
			isa = XCRemoteSwiftPackageReference;
			repositoryURL = "https://github.com/bryx-inc/BRYXBanner.git";
			requirement = {
				kind = upToNextMajorVersion;
				minimumVersion = 0.8.5;
			};
		};
/* End XCRemoteSwiftPackageReference section */

/* Begin XCSwiftPackageProductDependency section */
		FBD068E42A70DE0E00B8195D /* BRYXBanner */ = {
			isa = XCSwiftPackageProductDependency;
			package = FBD068E32A70DE0E00B8195D /* XCRemoteSwiftPackageReference "BRYXBanner" */;
			productName = BRYXBanner;
		};
		FBD068FD2A710A1000B8195D /* BRYXBanner */ = {
			isa = XCSwiftPackageProductDependency;
			package = FBD068E32A70DE0E00B8195D /* XCRemoteSwiftPackageReference "BRYXBanner" */;
			productName = BRYXBanner;
		};
/* End XCSwiftPackageProductDependency section */

/* Begin XCVersionGroup section */
		FBF9C5032A6C6C9C008F8943 /* fixate.xcdatamodeld */ = {
			isa = XCVersionGroup;
			children = (
				FBF9C5042A6C6C9C008F8943 /* fixate.xcdatamodel */,
			);
			currentVersion = FBF9C5042A6C6C9C008F8943 /* fixate.xcdatamodel */;
			path = fixate.xcdatamodeld;
			sourceTree = "<group>";
			versionGroupType = wrapper.xcdatamodel;
		};
/* End XCVersionGroup section */
	};
	rootObject = FBF9C4ED2A6C6C9A008F8943 /* Project object */;
}
